
Microsoft Visual Studio Solution File, Format Version 12.00
# Visual Studio 15
VisualStudioVersion = 15.0.27130.2036
MinimumVisualStudioVersion = 10.0.40219.1
Project("{FAE04EC0-301F-11D3-BF4B-00C04F79EFBC}") = "MVCDemo", "MVCDemo\MVCDemo.csproj", "{932A80E5-5390-40C2-83CA-EEF58FCB1DA1}"
EndProject
Global
	GlobalSection(SolutionConfigurationPlatforms) = preSolution
		Debug|Any CPU = Debug|Any CPU
		Release|Any CPU = Release|Any CPU
	EndGlobalSection
	GlobalSection(ProjectConfigurationPlatforms) = postSolution
		{932A80E5-5390-40C2-83CA-EEF58FCB1DA1}.Debug|Any CPU.ActiveCfg = Debug|Any CPU
		{932A80E5-5390-40C2-83CA-EEF58FCB1DA1}.Debug|Any CPU.Build.0 = Debug|Any CPU
		{932A80E5-5390-40C2-83CA-EEF58FCB1DA1}.Release|Any CPU.ActiveCfg = Release|Any CPU
		{932A80E5-5390-40C2-83CA-EEF58FCB1DA1}.Release|Any CPU.Build.0 = Release|Any CPU
	EndGlobalSection
	GlobalSection(SolutionProperties) = preSolution
		HideSolutionNode = FALSE
	EndGlobalSection
	GlobalSection(ExtensibilityGlobals) = postSolution
		SolutionGuid = {A5F26346-8D15-4998-B745-73C0422ACA48}
	EndGlobalSection
EndGlobal
